PODS:
  - IMSDK (0.0.1)

DEPENDENCIES:
  - IMSDK (from `https://github.com/roMummy/im-swift.git`)

EXTERNAL SOURCES:
  IMSDK:
    :git: https://github.com/roMummy/im-swift.git

CHECKOUT OPTIONS:
  IMSDK:
    :commit: 686079667248f5c0f336ff2b4decb541fb43a498
    :git: https://github.com/roMummy/im-swift.git

SPEC CHECKSUMS:
  IMSDK: fbee67bd1a65faa64bedf9d5c65fc6cf7195d6fc

PODFILE CHECKSUM: d9a3886f466e8500084de393dfe7bf3e3e6b39c9

COCOAPODS: 1.12.1
